[[package]]
name = "waitress"
version = "2.0.0"
requires_python = ">=3.6.0"
summary = "Waitress WSGI server"

[metadata]
lock_version = "3.1"
content_hash = "sha256:095d25791b370a6b49f6ddfaacee1eb097541e843d6cf5471051e94fbbc4653b"

[metadata.files]
"waitress 2.0.0" = [
    {file = "waitress-2.0.0-py3-none-any.whl", hash = "sha256:29af5a53e9fb4e158f525367678b50053808ca6c21ba585754c77d790008c746"},
    {file = "waitress-2.0.0.tar.gz", hash = "sha256:69e1f242c7f80273490d3403c3976f3ac3b26e289856936d1f620ed48f321897"},
]
